// !$*UTF8*$!
{
	archiveVersion = 1;
	classes = {
	};
	objectVersion = 46;
	objects = {

/* Begin PBXBuildFile section */
		FA177EC31A9A4C8C002ABE92 /* main.m in Sources */ = {isa = PBXBuildFile; fileRef = FA177EC21A9A4C8C002ABE92 /* main.m */; };
		FA177EC61A9A4C8C002ABE92 /* AppDelegate.m in Sources */ = {isa = PBXBuildFile; fileRef = FA177EC51A9A4C8C002ABE92 /* AppDelegate.m */; };
		FA177EC91A9A4C8C002ABE92 /* ViewController.m in Sources */ = {isa = PBXBuildFile; fileRef = FA177EC81A9A4C8C002ABE92 /* ViewController.m */; };
		FA177ECC1A9A4C8C002ABE92 /* Main.storyboard in Resources */ = {isa = PBXBuildFile; fileRef = FA177ECA1A9A4C8C002ABE92 /* Main.storyboard */; };
		FA177ECE1A9A4C8C002ABE92 /* Images.xcassets in Resources */ = {isa = PBXBuildFile; fileRef = FA177ECD1A9A4C8C002ABE92 /* Images.xcassets */; };
		FA177ED11A9A4C8C002ABE92 /* LaunchScreen.xib in Resources */ = {isa = PBXBuildFile; fileRef = FA177ECF1A9A4C8C002ABE92 /* LaunchScreen.xib */; };
		FA177EDD1A9A4C8C002ABE92 /* WatchTests.m in Sources */ = {isa = PBXBuildFile; fileRef = FA177EDC1A9A4C8C002ABE92 /* WatchTests.m */; };
		FA177EE81A9A9262002ABE92 /* WatchVC.m in Sources */ = {isa = PBXBuildFile; fileRef = FA177EE71A9A9262002ABE92 /* WatchVC.m */; };
/* End PBXBuildFile section */

/* Begin PBXContainerItemProxy section */
		FA177ED71A9A4C8C002ABE92 /* PBXContainerItemProxy */ = {
			isa = PBXContainerItemProxy;
			containerPortal = FA177EB51A9A4C8C002ABE92 /* Project object */;
			proxyType = 1;
			remoteGlobalIDString = FA177EBC1A9A4C8C002ABE92;
			remoteInfo = Watch;
		};
/* End PBXContainerItemProxy section */

/* Begin PBXFileReference section */
		FA177EBD1A9A4C8C002ABE92 /* Watch.app */ = {isa = PBXFileReference; explicitFileType = wrapper.application; includeInIndex = 0; path = Watch.app; sourceTree = BUILT_PRODUCTS_DIR; };
		FA177EC11A9A4C8C002ABE92 /* Info.plist */ = {isa = PBXFileReference; lastKnownFileType = text.plist.xml; path = Info.plist; sourceTree = "<group>"; };
		FA177EC21A9A4C8C002ABE92 /* main.m */ = {isa = PBXFileReference; lastKnownFileType = sourcecode.c.objc; path = main.m; sourceTree = "<group>"; };
		FA177EC41A9A4C8C002ABE92 /* AppDelegate.h */ = {isa = PBXFileReference; lastKnownFileType = sourcecode.c.h; path = AppDelegate.h; sourceTree = "<group>"; };
		FA177EC51A9A4C8C002ABE92 /* AppDelegate.m */ = {isa = PBXFileReference; lastKnownFileType = sourcecode.c.objc; path = AppDelegate.m; sourceTree = "<group>"; };
		FA177EC71A9A4C8C002ABE92 /* ViewController.h */ = {isa = PBXFileReference; lastKnownFileType = sourcecode.c.h; path = ViewController.h; sourceTree = "<group>"; };
		FA177EC81A9A4C8C002ABE92 /* ViewController.m */ = {isa = PBXFileReference; lastKnownFileType = sourcecode.c.objc; path = ViewController.m; sourceTree = "<group>"; };
		FA177ECB1A9A4C8C002ABE92 /* Base */ = {isa = PBXFileReference; lastKnownFileType = file.storyboard; name = Base; path = Base.lproj/Main.storyboard; sourceTree = "<group>"; };
		FA177ECD1A9A4C8C002ABE92 /* Images.xcassets */ = {isa = PBXFileReference; lastKnownFileType = folder.assetcatalog; path = Images.xcassets; sourceTree = "<group>"; };
		FA177ED01A9A4C8C002ABE92 /* Base */ = {isa = PBXFileReference; lastKnownFileType = file.xib; name = Base; path = Base.lproj/LaunchScreen.xib; sourceTree = "<group>"; };
		FA177ED61A9A4C8C002ABE92 /* WatchTests.xctest */ = {isa = PBXFileReference; explicitFileType = wrapper.cfbundle; includeInIndex = 0; path = WatchTests.xctest; sourceTree = BUILT_PRODUCTS_DIR; };
		FA177EDB1A9A4C8C002ABE92 /* Info.plist */ = {isa = PBXFileReference; lastKnownFileType = text.plist.xml; path = Info.plist; sourceTree = "<group>"; };
		FA177EDC1A9A4C8C002ABE92 /* WatchTests.m */ = {isa = PBXFileReference; lastKnownFileType = sourcecode.c.objc; path = WatchTests.m; sourceTree = "<group>"; };
		FA177EE61A9A9262002ABE92 /* WatchVC.h */ = {isa = PBXFileReference; fileEncoding = 4; lastKnownFileType = sourcecode.c.h; path = WatchVC.h; sourceTree = "<group>"; };
		FA177EE71A9A9262002ABE92 /* WatchVC.m */ = {isa = PBXFileReference; fileEncoding = 4; lastKnownFileType = sourcecode.c.objc; path = WatchVC.m; sourceTree = "<group>"; };
/* End PBXFileReference section */

/* Begin PBXFrameworksBuildPhase section */
		FA177EBA1A9A4C8C002ABE92 /* Frameworks */ = {
			isa = PBXFrameworksBuildPhase;
			buildActionMask = 2147483647;
			files = (
			);
			runOnlyForDeploymentPostprocessing = 0;
		};
		FA177ED31A9A4C8C002ABE92 /* Frameworks */ = {
			isa = PBXFrameworksBuildPhase;
			buildActionMask = 2147483647;
			files = (
			);
			runOnlyForDeploymentPostprocessing = 0;
		};
/* End PBXFrameworksBuildPhase section */

/* Begin PBXGroup section */
		FA177EB41A9A4C8C002ABE92 = {
			isa = PBXGroup;
			children = (
				FA177EBF1A9A4C8C002ABE92 /* Watch */,
				FA177ED91A9A4C8C002ABE92 /* WatchTests */,
				FA177EBE1A9A4C8C002ABE92 /* Products */,
			);
			sourceTree = "<group>";
		};
		FA177EBE1A9A4C8C002ABE92 /* Products */ = {
			isa = PBXGroup;
			children = (
				FA177EBD1A9A4C8C002ABE92 /* Watch.app */,
				FA177ED61A9A4C8C002ABE92 /* WatchTests.xctest */,
			);
			name = Products;
			sourceTree = "<group>";
		};
		FA177EBF1A9A4C8C002ABE92 /* Watch */ = {
			isa = PBXGroup;
			children = (
				FA177EC41A9A4C8C002ABE92 /* AppDelegate.h */,
				FA177EC51A9A4C8C002ABE92 /* AppDelegate.m */,
				FA177EC71A9A4C8C002ABE92 /* ViewController.h */,
				FA177EC81A9A4C8C002ABE92 /* ViewController.m */,
				FA177ECA1A9A4C8C002ABE92 /* Main.storyboard */,
				FA177ECD1A9A4C8C002ABE92 /* Images.xcassets */,
				FA177ECF1A9A4C8C002ABE92 /* LaunchScreen.xib */,
				FA177EC01A9A4C8C002ABE92 /* Supporting Files */,
				FA177EE61A9A9262002ABE92 /* WatchVC.h */,
				FA177EE71A9A9262002ABE92 /* WatchVC.m */,
			);
			path = Watch;
			sourceTree = "<group>";
		};
		FA177EC01A9A4C8C002ABE92 /* Supporting Files */ = {
			isa = PBXGroup;
			children = (
				FA177EC11A9A4C8C002ABE92 /* Info.plist */,
				FA177EC21A9A4C8C002ABE92 /* main.m */,
			);
			name = "Supporting Files";
			sourceTree = "<group>";
		};
		FA177ED91A9A4C8C002ABE92 /* WatchTests */ = {
			isa = PBXGroup;
			children = (
				FA177EDC1A9A4C8C002ABE92 /* WatchTests.m */,
				FA177EDA1A9A4C8C002ABE92 /* Supporting Files */,
			);
			path = WatchTests;
			sourceTree = "<group>";
		};
		FA177EDA1A9A4C8C002ABE92 /* Supporting Files */ = {
			isa = PBXGroup;
			children = (
				FA177EDB1A9A4C8C002ABE92 /* Info.plist */,
			);
			name = "Supporting Files";
			sourceTree = "<group>";
		};
/* End PBXGroup section */

/* Begin PBXNativeTarget section */
		FA177EBC1A9A4C8C002ABE92 /* Watch */ = {
			isa = PBXNativeTarget;
			buildConfigurationList = FA177EE01A9A4C8C002ABE92 /* Build configuration list for PBXNativeTarget "Watch" */;
			buildPhases = (
				FA177EB91A9A4C8C002ABE92 /* Sources */,
				FA177EBA1A9A4C8C002ABE92 /* Frameworks */,
				FA177EBB1A9A4C8C002ABE92 /* Resources */,
			);
			buildRules = (
			);
			dependencies = (
			);
			name = Watch;
			productName = Watch;
			productReference = FA177EBD1A9A4C8C002ABE92 /* Watch.app */;
			productType = "com.apple.product-type.application";
		};
		FA177ED51A9A4C8C002ABE92 /* WatchTests */ = {
			isa = PBXNativeTarget;
			buildConfigurationList = FA177EE31A9A4C8C002ABE92 /* Build configuration list for PBXNativeTarget "WatchTests" */;
			buildPhases = (
				FA177ED21A9A4C8C002ABE92 /* Sources */,
				FA177ED31A9A4C8C002ABE92 /* Frameworks */,
				FA177ED41A9A4C8C002ABE92 /* Resources */,
			);
			buildRules = (
			);
			dependencies = (
				FA177ED81A9A4C8C002ABE92 /* PBXTargetDependency */,
			);
			name = WatchTests;
			productName = WatchTests;
			productReference = FA177ED61A9A4C8C002ABE92 /* WatchTests.xctest */;
			productType = "com.apple.product-type.bundle.unit-test";
		};
/* End PBXNativeTarget section */

/* Begin PBXProject section */
		FA177EB51A9A4C8C002ABE92 /* Project object */ = {
			isa = PBXProject;
			attributes = {
				LastUpgradeCheck = 0610;
				ORGANIZATIONNAME = AppInMed;
				TargetAttributes = {
					FA177EBC1A9A4C8C002ABE92 = {
						CreatedOnToolsVersion = 6.1.1;
					};
					FA177ED51A9A4C8C002ABE92 = {
						CreatedOnToolsVersion = 6.1.1;
						TestTargetID = FA177EBC1A9A4C8C002ABE92;
					};
				};
			};
			buildConfigurationList = FA177EB81A9A4C8C002ABE92 /* Build configuration list for PBXProject "Watch" */;
			compatibilityVersion = "Xcode 3.2";
			developmentRegion = English;
			hasScannedForEncodings = 0;
			knownRegions = (
				en,
				Base,
			);
			mainGroup = FA177EB41A9A4C8C002ABE92;
			productRefGroup = FA177EBE1A9A4C8C002ABE92 /* Products */;
			projectDirPath = "";
			projectRoot = "";
			targets = (
				FA177EBC1A9A4C8C002ABE92 /* Watch */,
				FA177ED51A9A4C8C002ABE92 /* WatchTests */,
			);
		};
/* End PBXProject section */

/* Begin PBXResourcesBuildPhase section */
		FA177EBB1A9A4C8C002ABE92 /* Resources */ = {
			isa = PBXResourcesBuildPhase;
			buildActionMask = 2147483647;
			files = (
				FA177ECC1A9A4C8C002ABE92 /* Main.storyboard in Resources */,
				FA177ED11A9A4C8C002ABE92 /* LaunchScreen.xib in Resources */,
				FA177ECE1A9A4C8C002ABE92 /* Images.xcassets in Resources */,
			);
			runOnlyForDeploymentPostprocessing = 0;
		};
		FA177ED41A9A4C8C002ABE92 /* Resources */ = {
			isa = PBXResourcesBuildPhase;
			buildActionMask = 2147483647;
			files = (
			);
			runOnlyForDeploymentPostprocessing = 0;
		};
/* End PBXResourcesBuildPhase section */

/* Begin PBXSourcesBuildPhase section */
		FA177EB91A9A4C8C002ABE92 /* Sources */ = {
			isa = PBXSourcesBuildPhase;
			buildActionMask = 2147483647;
			files = (
				FA177EE81A9A9262002ABE92 /* WatchVC.m in Sources */,
				FA177EC91A9A4C8C002ABE92 /* ViewController.m in Sources */,
				FA177EC61A9A4C8C002ABE92 /* AppDelegate.m in Sources */,
				FA177EC31A9A4C8C002ABE92 /* main.m in Sources */,
			);
			runOnlyForDeploymentPostprocessing = 0;
		};
		FA177ED21A9A4C8C002ABE92 /* Sources */ = {
			isa = PBXSourcesBuildPhase;
			buildActionMask = 2147483647;
			files = (
				FA177EDD1A9A4C8C002ABE92 /* WatchTests.m in Sources */,
			);
			runOnlyForDeploymentPostprocessing = 0;
		};
/* End PBXSourcesBuildPhase section */

/* Begin PBXTargetDependency section */
		FA177ED81A9A4C8C002ABE92 /* PBXTargetDependency */ = {
			isa = PBXTargetDependency;
			target = FA177EBC1A9A4C8C002ABE92 /* Watch */;
			targetProxy = FA177ED71A9A4C8C002ABE92 /* PBXContainerItemProxy */;
		};
/* End PBXTargetDependency section */

/* Begin PBXVariantGroup section */
		FA177ECA1A9A4C8C002ABE92 /* Main.storyboard */ = {
			isa = PBXVariantGroup;
			children = (
				FA177ECB1A9A4C8C002ABE92 /* Base */,
			);
			name = Main.storyboard;
			sourceTree = "<group>";
		};
		FA177ECF1A9A4C8C002ABE92 /* LaunchScreen.xib */ = {
			isa = PBXVariantGroup;
			children = (
				FA177ED01A9A4C8C002ABE92 /* Base */,
			);
			name = LaunchScreen.xib;
			sourceTree = "<group>";
		};
/* End PBXVariantGroup section */

/* Begin XCBuildConfiguration section */
		FA177EDE1A9A4C8C002ABE92 /* Debug */ = {
			isa = XCBuildConfiguration;
			buildSettings = {
				ALWAYS_SEARCH_USER_PATHS = NO;
				CLANG_CXX_LANGUAGE_STANDARD = "gnu++0x";
				CLANG_CXX_LIBRARY = "libc++";
				CLANG_ENABLE_MODULES = YES;
				CLANG_ENABLE_OBJC_ARC = YES;
				CLANG_WARN_BOOL_CONVERSION = YES;
				CLANG_WARN_CONSTANT_CONVERSION = YES;
				CLANG_WARN_DIRECT_OBJC_ISA_USAGE = YES_ERROR;
				CLANG_WARN_EMPTY_BODY = YES;
				CLANG_WARN_ENUM_CONVERSION = YES;
				CLANG_WARN_INT_CONVERSION = YES;
				CLANG_WARN_OBJC_ROOT_CLASS = YES_ERROR;
				CLANG_WARN_UNREACHABLE_CODE = YES;
				CLANG_WARN__DUPLICATE_METHOD_MATCH = YES;
				"CODE_SIGN_IDENTITY[sdk=iphoneos*]" = "iPhone Developer";
				COPY_PHASE_STRIP = NO;
				ENABLE_STRICT_OBJC_MSGSEND = YES;
				GCC_C_LANGUAGE_STANDARD = gnu99;
				GCC_DYNAMIC_NO_PIC = NO;
				GCC_OPTIMIZATION_LEVEL = 0;
				GCC_PREPROCESSOR_DEFINITIONS = (
					"DEBUG=1",
					"$(inherited)",
				);
				GCC_SYMBOLS_PRIVATE_EXTERN = NO;
				GCC_WARN_64_TO_32_BIT_CONVERSION = YES;
				GCC_WARN_ABOUT_RETURN_TYPE = YES_ERROR;
				GCC_WARN_UNDECLARED_SELECTOR = YES;
				GCC_WARN_UNINITIALIZED_AUTOS = YES_AGGRESSIVE;
				GCC_WARN_UNUSED_FUNCTION = YES;
				GCC_WARN_UNUSED_VARIABLE = YES;
				IPHONEOS_DEPLOYMENT_TARGET = 8.1;
				MTL_ENABLE_DEBUG_INFO = YES;
				ONLY_ACTIVE_ARCH = YES;
				SDKROOT = iphoneos;
				TARGETED_DEVICE_FAMILY = "1,2";
			};
			name = Debug;
		};
		FA177EDF1A9A4C8C002ABE92 /* Release */ = {
			isa = XCBuildConfiguration;
			buildSettings = {
				ALWAYS_SEARCH_USER_PATHS = NO;
				CLANG_CXX_LANGUAGE_STANDARD = "gnu++0x";
				CLANG_CXX_LIBRARY = "libc++";
				CLANG_ENABLE_MODULES = YES;
				CLANG_ENABLE_OBJC_ARC = YES;
				CLANG_WARN_BOOL_CONVERSION = YES;
				CLANG_WARN_CONSTANT_CONVERSION = YES;
				CLANG_WARN_DIRECT_OBJC_ISA_USAGE = YES_ERROR;
				CLANG_WARN_EMPTY_BODY = YES;
				CLANG_WARN_ENUM_CONVERSION = YES;
				CLANG_WARN_INT_CONVERSION = YES;
				CLANG_WARN_OBJC_ROOT_CLASS = YES_ERROR;
				CLANG_WARN_UNREACHABLE_CODE = YES;
				CLANG_WARN__DUPLICATE_METHOD_MATCH = YES;
				"CODE_SIGN_IDENTITY[sdk=iphoneos*]" = "iPhone Developer";
				COPY_PHASE_STRIP = YES;
				ENABLE_NS_ASSERTIONS = NO;
				ENABLE_STRICT_OBJC_MSGSEND = YES;
				GCC_C_LANGUAGE_STANDARD = gnu99;
				GCC_WARN_64_TO_32_BIT_CONVERSION = YES;
				GCC_WARN_ABOUT_RETURN_TYPE = YES_ERROR;
				GCC_WARN_UNDECLARED_SELECTOR = YES;
				GCC_WARN_UNINITIALIZED_AUTOS = YES_AGGRESSIVE;
				GCC_WARN_UNUSED_FUNCTION = YES;
				GCC_WARN_UNUSED_VARIABLE = YES;
				IPHONEOS_DEPLOYMENT_TARGET = 8.1;
				MTL_ENABLE_DEBUG_INFO = NO;
				SDKROOT = iphoneos;
				TARGETED_DEVICE_FAMILY = "1,2";
				VALIDATE_PRODUCT = YES;
			};
			name = Release;
		};
		FA177EE11A9A4C8C002ABE92 /* Debug */ = {
			isa = XCBuildConfiguration;
			buildSettings = {
				ASSETCATALOG_COMPILER_APPICON_NAME = AppIcon;
				INFOPLIST_FILE = Watch/Info.plist;
				LD_RUNPATH_SEARCH_PATHS = "$(inherited) @executable_path/Frameworks";
				PRODUCT_NAME = "$(TARGET_NAME)";
			};
			name = Debug;
		};
		FA177EE21A9A4C8C002ABE92 /* Release */ = {
			isa = XCBuildConfiguration;
			buildSettings = {
				ASSETCATALOG_COMPILER_APPICON_NAME = AppIcon;
				INFOPLIST_FILE = Watch/Info.plist;
				LD_RUNPATH_SEARCH_PATHS = "$(inherited) @executable_path/Frameworks";
				PRODUCT_NAME = "$(TARGET_NAME)";
			};
			name = Release;
		};
		FA177EE41A9A4C8C002ABE92 /* Debug */ = {
			isa = XCBuildConfiguration;
			buildSettings = {
				BUNDLE_LOADER = "$(TEST_HOST)";
				FRAMEWORK_SEARCH_PATHS = (
					"$(SDKROOT)/Developer/Library/Frameworks",
					"$(inherited)",
				);
				GCC_PREPROCESSOR_DEFINITIONS = (
					"DEBUG=1",
					"$(inherited)",
				);
				INFOPLIST_FILE = WatchTests/Info.plist;
				LD_RUNPATH_SEARCH_PATHS = "$(inherited) @executable_path/Frameworks @loader_path/Frameworks";
				PRODUCT_NAME = "$(TARGET_NAME)";
				TEST_HOST = "$(BUILT_PRODUCTS_DIR)/Watch.app/Watch";
			};
			name = Debug;
		};
		FA177EE51A9A4C8C002ABE92 /* Release */ = {
			isa = XCBuildConfiguration;
			buildSettings = {
				BUNDLE_LOADER = "$(TEST_HOST)";
				FRAMEWORK_SEARCH_PATHS = (
					"$(SDKROOT)/Developer/Library/Frameworks",
					"$(inherited)",
				);
				INFOPLIST_FILE = WatchTests/Info.plist;
				LD_RUNPATH_SEARCH_PATHS = "$(inherited) @executable_path/Frameworks @loader_path/Frameworks";
				PRODUCT_NAME = "$(TARGET_NAME)";
				TEST_HOST = "$(BUILT_PRODUCTS_DIR)/Watch.app/Watch";
			};
			name = Release;
		};
/* End XCBuildConfiguration section */

/* Begin XCConfigurationList section */
		FA177EB81A9A4C8C002ABE92 /* Build configuration list for PBXProject "Watch" */ = {
			isa = XCConfigurationList;
			buildConfigurations = (
				FA177EDE1A9A4C8C002ABE92 /* Debug */,
				FA177EDF1A9A4C8C002ABE92 /* Release */,
			);
			defaultConfigurationIsVisible = 0;
			defaultConfigurationName = Release;
		};
		FA177EE01A9A4C8C002ABE92 /* Build configuration list for PBXNativeTarget "Watch" */ = {
			isa = XCConfigurationList;
			buildConfigurations = (
				FA177EE11A9A4C8C002ABE92 /* Debug */,
				FA177EE21A9A4C8C002ABE92 /* Release */,
			);
			defaultConfigurationIsVisible = 0;
			defaultConfigurationName = Release;
		};
		FA177EE31A9A4C8C002ABE92 /* Build configuration list for PBXNativeTarget "WatchTests" */ = {
			isa = XCConfigurationList;
			buildConfigurations = (
				FA177EE41A9A4C8C002ABE92 /* Debug */,
				FA177EE51A9A4C8C002ABE92 /* Release */,
			);
			defaultConfigurationIsVisible = 0;
			defaultConfigurationName = Release;
		};
/* End XCConfigurationList section */
	};
	rootObject = FA177EB51A9A4C8C002ABE92 /* Project object */;
}
